// !$*UTF8*$!
{
	archiveVersion = 1;
	classes = {
	};
	objectVersion = 50;
	objects = {

/* Begin PBXBuildFile section */
		FC538ADF2605183C00E36492 /* swiftUIInstagramApp.swift in Sources */ = {isa = PBXBuildFile; fileRef = FC538ADE2605183C00E36492 /* swiftUIInstagramApp.swift */; };
		FC538AE32605184100E36492 /* Assets.xcassets in Resources */ = {isa = PBXBuildFile; fileRef = FC538AE22605184100E36492 /* Assets.xcassets */; };
		FC538AE62605184100E36492 /* Preview Assets.xcassets in Resources */ = {isa = PBXBuildFile; fileRef = FC538AE52605184100E36492 /* Preview Assets.xcassets */; };
		FC538AF52605195000E36492 /* ContentView.swift in Sources */ = {isa = PBXBuildFile; fileRef = FC538AF42605195000E36492 /* ContentView.swift */; };
		FC538B0526051E1500E36492 /* MainTabView.swift in Sources */ = {isa = PBXBuildFile; fileRef = FC538B0426051E1500E36492 /* MainTabView.swift */; };
		FC538B0826051E4C00E36492 /* FeedView.swift in Sources */ = {isa = PBXBuildFile; fileRef = FC538B0726051E4C00E36492 /* FeedView.swift */; };
		FC538B0B26051E7200E36492 /* SearchView.swift in Sources */ = {isa = PBXBuildFile; fileRef = FC538B0A26051E7200E36492 /* SearchView.swift */; };
		FC538B0E26051E8600E36492 /* NotificationView.swift in Sources */ = {isa = PBXBuildFile; fileRef = FC538B0D26051E8600E36492 /* NotificationView.swift */; };
		FC538B1226051EFD00E36492 /* ProfileView.swift in Sources */ = {isa = PBXBuildFile; fileRef = FC538B1126051EFD00E36492 /* ProfileView.swift */; };
		FC538B1526051F1A00E36492 /* UploadPostView.swift in Sources */ = {isa = PBXBuildFile; fileRef = FC538B1426051F1A00E36492 /* UploadPostView.swift */; };
		FC538B182605242400E36492 /* FeedCell.swift in Sources */ = {isa = PBXBuildFile; fileRef = FC538B172605242400E36492 /* FeedCell.swift */; };
		FC538B26261B98D400E36492 /* SearchBar.swift in Sources */ = {isa = PBXBuildFile; fileRef = FC538B25261B98D400E36492 /* SearchBar.swift */; };
		FC538B29261CDCC100E36492 /* PostGridView.swift in Sources */ = {isa = PBXBuildFile; fileRef = FC538B28261CDCC100E36492 /* PostGridView.swift */; };
		FC538B2C261CE01C00E36492 /* UserCell.swift in Sources */ = {isa = PBXBuildFile; fileRef = FC538B2B261CE01C00E36492 /* UserCell.swift */; };
		FC538B2F261CE03100E36492 /* UserListView.swift in Sources */ = {isa = PBXBuildFile; fileRef = FC538B2E261CE03100E36492 /* UserListView.swift */; };
		FC538B32261CE7C400E36492 /* Extenstions.swift in Sources */ = {isa = PBXBuildFile; fileRef = FC538B31261CE7C400E36492 /* Extenstions.swift */; };
		FC538B35261CEAA600E36492 /* NotificationCell.swift in Sources */ = {isa = PBXBuildFile; fileRef = FC538B34261CEAA600E36492 /* NotificationCell.swift */; };
		FC538B38261CF16F00E36492 /* ProfileHeaderView.swift in Sources */ = {isa = PBXBuildFile; fileRef = FC538B37261CF16F00E36492 /* ProfileHeaderView.swift */; };
/* End PBXBuildFile section */

/* Begin PBXFileReference section */
		FC538ADB2605183C00E36492 /* swiftUIInstagram.app */ = {isa = PBXFileReference; explicitFileType = wrapper.application; includeInIndex = 0; path = swiftUIInstagram.app; sourceTree = BUILT_PRODUCTS_DIR; };
		FC538ADE2605183C00E36492 /* swiftUIInstagramApp.swift */ = {isa = PBXFileReference; lastKnownFileType = sourcecode.swift; path = swiftUIInstagramApp.swift; sourceTree = "<group>"; };
		FC538AE22605184100E36492 /* Assets.xcassets */ = {isa = PBXFileReference; lastKnownFileType = folder.assetcatalog; path = Assets.xcassets; sourceTree = "<group>"; };
		FC538AE52605184100E36492 /* Preview Assets.xcassets */ = {isa = PBXFileReference; lastKnownFileType = folder.assetcatalog; path = "Preview Assets.xcassets"; sourceTree = "<group>"; };
		FC538AE72605184100E36492 /* Info.plist */ = {isa = PBXFileReference; lastKnownFileType = text.plist.xml; path = Info.plist; sourceTree = "<group>"; };
		FC538AF42605195000E36492 /* ContentView.swift */ = {isa = PBXFileReference; lastKnownFileType = sourcecode.swift; path = ContentView.swift; sourceTree = "<group>"; };
		FC538B0426051E1500E36492 /* MainTabView.swift */ = {isa = PBXFileReference; lastKnownFileType = sourcecode.swift; path = MainTabView.swift; sourceTree = "<group>"; };
		FC538B0726051E4C00E36492 /* FeedView.swift */ = {isa = PBXFileReference; lastKnownFileType = sourcecode.swift; path = FeedView.swift; sourceTree = "<group>"; };
		FC538B0A26051E7200E36492 /* SearchView.swift */ = {isa = PBXFileReference; lastKnownFileType = sourcecode.swift; path = SearchView.swift; sourceTree = "<group>"; };
		FC538B0D26051E8600E36492 /* NotificationView.swift */ = {isa = PBXFileReference; lastKnownFileType = sourcecode.swift; path = NotificationView.swift; sourceTree = "<group>"; };
		FC538B1126051EFD00E36492 /* ProfileView.swift */ = {isa = PBXFileReference; lastKnownFileType = sourcecode.swift; path = ProfileView.swift; sourceTree = "<group>"; };
		FC538B1426051F1A00E36492 /* UploadPostView.swift */ = {isa = PBXFileReference; lastKnownFileType = sourcecode.swift; path = UploadPostView.swift; sourceTree = "<group>"; };
		FC538B172605242400E36492 /* FeedCell.swift */ = {isa = PBXFileReference; lastKnownFileType = sourcecode.swift; path = FeedCell.swift; sourceTree = "<group>"; };
		FC538B25261B98D400E36492 /* SearchBar.swift */ = {isa = PBXFileReference; lastKnownFileType = sourcecode.swift; path = SearchBar.swift; sourceTree = "<group>"; };
		FC538B28261CDCC100E36492 /* PostGridView.swift */ = {isa = PBXFileReference; lastKnownFileType = sourcecode.swift; path = PostGridView.swift; sourceTree = "<group>"; };
		FC538B2B261CE01C00E36492 /* UserCell.swift */ = {isa = PBXFileReference; lastKnownFileType = sourcecode.swift; path = UserCell.swift; sourceTree = "<group>"; };
		FC538B2E261CE03100E36492 /* UserListView.swift */ = {isa = PBXFileReference; lastKnownFileType = sourcecode.swift; path = UserListView.swift; sourceTree = "<group>"; };
		FC538B31261CE7C400E36492 /* Extenstions.swift */ = {isa = PBXFileReference; lastKnownFileType = sourcecode.swift; path = Extenstions.swift; sourceTree = "<group>"; };
		FC538B34261CEAA600E36492 /* NotificationCell.swift */ = {isa = PBXFileReference; lastKnownFileType = sourcecode.swift; path = NotificationCell.swift; sourceTree = "<group>"; };
		FC538B37261CF16F00E36492 /* ProfileHeaderView.swift */ = {isa = PBXFileReference; lastKnownFileType = sourcecode.swift; path = ProfileHeaderView.swift; sourceTree = "<group>"; };
/* End PBXFileReference section */

/* Begin PBXFrameworksBuildPhase section */
		FC538AD82605183C00E36492 /* Frameworks */ = {
			isa = PBXFrameworksBuildPhase;
			buildActionMask = 2147483647;
			files = (
			);
			runOnlyForDeploymentPostprocessing = 0;
		};
/* End PBXFrameworksBuildPhase section */

/* Begin PBXGroup section */
		FC538AD22605183C00E36492 = {
			isa = PBXGroup;
			children = (
				FC538ADD2605183C00E36492 /* swiftUIInstagram */,
				FC538ADC2605183C00E36492 /* Products */,
			);
			sourceTree = "<group>";
		};
		FC538ADC2605183C00E36492 /* Products */ = {
			isa = PBXGroup;
			children = (
				FC538ADB2605183C00E36492 /* swiftUIInstagram.app */,
			);
			name = Products;
			sourceTree = "<group>";
		};
		FC538ADD2605183C00E36492 /* swiftUIInstagram */ = {
			isa = PBXGroup;
			children = (
				FC538AF2260518BD00E36492 /* Model */,
				FC538AF1260518B900E36492 /* View */,
				FC538AF0260518B500E36492 /* ViewModel */,
				FC538AEF260518B100E36492 /* API */,
				FC538AEE260518AA00E36492 /* Utilities */,
				FC538B0326051C0200E36492 /* Secret */,
				FC538ADE2605183C00E36492 /* swiftUIInstagramApp.swift */,
				FC538AE22605184100E36492 /* Assets.xcassets */,
				FC538AE72605184100E36492 /* Info.plist */,
				FC538AE42605184100E36492 /* Preview Content */,
			);
			path = swiftUIInstagram;
			sourceTree = "<group>";
		};
		FC538AE42605184100E36492 /* Preview Content */ = {
			isa = PBXGroup;
			children = (
				FC538AE52605184100E36492 /* Preview Assets.xcassets */,
			);
			path = "Preview Content";
			sourceTree = "<group>";
		};
		FC538AEE260518AA00E36492 /* Utilities */ = {
			isa = PBXGroup;
			children = (
				FC538B31261CE7C400E36492 /* Extenstions.swift */,
			);
			path = Utilities;
			sourceTree = "<group>";
		};
		FC538AEF260518B100E36492 /* API */ = {
			isa = PBXGroup;
			children = (
			);
			path = API;
			sourceTree = "<group>";
		};
		FC538AF0260518B500E36492 /* ViewModel */ = {
			isa = PBXGroup;
			children = (
				FC538B0226051A0E00E36492 /* Profile */,
				FC538B0126051A0400E36492 /* Authentication */,
				FC538B00260519F700E36492 /* Notifications */,
				FC538AFF260519F100E36492 /* Feed */,
			);
			path = ViewModel;
			sourceTree = "<group>";
		};
		FC538AF1260518B900E36492 /* View */ = {
			isa = PBXGroup;
			children = (
				FC538AFE260519BA00E36492 /* Items */,
				FC538AFD260519B200E36492 /* Authentication */,
				FC538AFC260519A200E36492 /* Notifications */,
				FC538AFB2605199C00E36492 /* Search */,
				FC538AFA2605199400E36492 /* Comments */,
				FC538B1026051EEB00E36492 /* Profile */,
				FC538AF92605198F00E36492 /* Feed */,
				FC538AF82605198200E36492 /* UploadPost */,
				FC538AF32605192800E36492 /* Main */,
			);
			path = View;
			sourceTree = "<group>";
		};
		FC538AF2260518BD00E36492 /* Model */ = {
			isa = PBXGroup;
			children = (
			);
			path = Model;
			sourceTree = "<group>";
		};
		FC538AF32605192800E36492 /* Main */ = {
			isa = PBXGroup;
			children = (
				FC538AF42605195000E36492 /* ContentView.swift */,
				FC538B0426051E1500E36492 /* MainTabView.swift */,
			);
			path = Main;
			sourceTree = "<group>";
		};
		FC538AF82605198200E36492 /* UploadPost */ = {
			isa = PBXGroup;
			children = (
				FC538B1426051F1A00E36492 /* UploadPostView.swift */,
			);
			path = UploadPost;
			sourceTree = "<group>";
		};
		FC538AF92605198F00E36492 /* Feed */ = {
			isa = PBXGroup;
			children = (
				FC538B0726051E4C00E36492 /* FeedView.swift */,
				FC538B172605242400E36492 /* FeedCell.swift */,
			);
			path = Feed;
			sourceTree = "<group>";
		};
		FC538AFA2605199400E36492 /* Comments */ = {
			isa = PBXGroup;
			children = (
			);
			path = Comments;
			sourceTree = "<group>";
		};
		FC538AFB2605199C00E36492 /* Search */ = {
			isa = PBXGroup;
			children = (
				FC538B0A26051E7200E36492 /* SearchView.swift */,
				FC538B25261B98D400E36492 /* SearchBar.swift */,
			);
			path = Search;
			sourceTree = "<group>";
		};
		FC538AFC260519A200E36492 /* Notifications */ = {
			isa = PBXGroup;
			children = (
				FC538B0D26051E8600E36492 /* NotificationView.swift */,
				FC538B34261CEAA600E36492 /* NotificationCell.swift */,
			);
			path = Notifications;
			sourceTree = "<group>";
		};
		FC538AFD260519B200E36492 /* Authentication */ = {
			isa = PBXGroup;
			children = (
			);
			path = Authentication;
			sourceTree = "<group>";
		};
		FC538AFE260519BA00E36492 /* Items */ = {
			isa = PBXGroup;
			children = (
				FC538B28261CDCC100E36492 /* PostGridView.swift */,
				FC538B2B261CE01C00E36492 /* UserCell.swift */,
				FC538B2E261CE03100E36492 /* UserListView.swift */,
			);
			path = Items;
			sourceTree = "<group>";
		};
		FC538AFF260519F100E36492 /* Feed */ = {
			isa = PBXGroup;
			children = (
			);
			path = Feed;
			sourceTree = "<group>";
		};
		FC538B00260519F700E36492 /* Notifications */ = {
			isa = PBXGroup;
			children = (
			);
			path = Notifications;
			sourceTree = "<group>";
		};
		FC538B0126051A0400E36492 /* Authentication */ = {
			isa = PBXGroup;
			children = (
			);
			path = Authentication;
			sourceTree = "<group>";
		};
		FC538B0226051A0E00E36492 /* Profile */ = {
			isa = PBXGroup;
			children = (
			);
			path = Profile;
			sourceTree = "<group>";
		};
		FC538B0326051C0200E36492 /* Secret */ = {
			isa = PBXGroup;
			children = (
			);
			path = Secret;
			sourceTree = "<group>";
		};
		FC538B1026051EEB00E36492 /* Profile */ = {
			isa = PBXGroup;
			children = (
				FC538B1126051EFD00E36492 /* ProfileView.swift */,
				FC538B37261CF16F00E36492 /* ProfileHeaderView.swift */,
			);
			path = Profile;
			sourceTree = "<group>";
		};
/* End PBXGroup section */

/* Begin PBXNativeTarget section */
		FC538ADA2605183C00E36492 /* swiftUIInstagram */ = {
			isa = PBXNativeTarget;
			buildConfigurationList = FC538AEA2605184100E36492 /* Build configuration list for PBXNativeTarget "swiftUIInstagram" */;
			buildPhases = (
				FC538AD72605183C00E36492 /* Sources */,
				FC538AD82605183C00E36492 /* Frameworks */,
				FC538AD92605183C00E36492 /* Resources */,
			);
			buildRules = (
			);
			dependencies = (
			);
			name = swiftUIInstagram;
			productName = swiftUIInstagram;
			productReference = FC538ADB2605183C00E36492 /* swiftUIInstagram.app */;
			productType = "com.apple.product-type.application";
		};
/* End PBXNativeTarget section */

/* Begin PBXProject section */
		FC538AD32605183C00E36492 /* Project object */ = {
			isa = PBXProject;
			attributes = {
				LastSwiftUpdateCheck = 1230;
				LastUpgradeCheck = 1230;
				TargetAttributes = {
					FC538ADA2605183C00E36492 = {
						CreatedOnToolsVersion = 12.3;
					};
				};
			};
			buildConfigurationList = FC538AD62605183C00E36492 /* Build configuration list for PBXProject "swiftUIInstagram" */;
			compatibilityVersion = "Xcode 9.3";
			developmentRegion = en;
			hasScannedForEncodings = 0;
			knownRegions = (
				en,
				Base,
			);
			mainGroup = FC538AD22605183C00E36492;
			productRefGroup = FC538ADC2605183C00E36492 /* Products */;
			projectDirPath = "";
			projectRoot = "";
			targets = (
				FC538ADA2605183C00E36492 /* swiftUIInstagram */,
			);
		};
/* End PBXProject section */

/* Begin PBXResourcesBuildPhase section */
		FC538AD92605183C00E36492 /* Resources */ = {
			isa = PBXResourcesBuildPhase;
			buildActionMask = 2147483647;
			files = (
				FC538AE62605184100E36492 /* Preview Assets.xcassets in Resources */,
				FC538AE32605184100E36492 /* Assets.xcassets in Resources */,
			);
			runOnlyForDeploymentPostprocessing = 0;
		};
/* End PBXResourcesBuildPhase section */

/* Begin PBXSourcesBuildPhase section */
		FC538AD72605183C00E36492 /* Sources */ = {
			isa = PBXSourcesBuildPhase;
			buildActionMask = 2147483647;
			files = (
				FC538B0B26051E7200E36492 /* SearchView.swift in Sources */,
				FC538B0826051E4C00E36492 /* FeedView.swift in Sources */,
				FC538B32261CE7C400E36492 /* Extenstions.swift in Sources */,
				FC538B29261CDCC100E36492 /* PostGridView.swift in Sources */,
				FC538ADF2605183C00E36492 /* swiftUIInstagramApp.swift in Sources */,
				FC538AF52605195000E36492 /* ContentView.swift in Sources */,
				FC538B0526051E1500E36492 /* MainTabView.swift in Sources */,
				FC538B38261CF16F00E36492 /* ProfileHeaderView.swift in Sources */,
				FC538B1526051F1A00E36492 /* UploadPostView.swift in Sources */,
				FC538B1226051EFD00E36492 /* ProfileView.swift in Sources */,
				FC538B2C261CE01C00E36492 /* UserCell.swift in Sources */,
				FC538B26261B98D400E36492 /* SearchBar.swift in Sources */,
				FC538B0E26051E8600E36492 /* NotificationView.swift in Sources */,
				FC538B182605242400E36492 /* FeedCell.swift in Sources */,
				FC538B35261CEAA600E36492 /* NotificationCell.swift in Sources */,
				FC538B2F261CE03100E36492 /* UserListView.swift in Sources */,
			);
			runOnlyForDeploymentPostprocessing = 0;
		};
/* End PBXSourcesBuildPhase section */

/* Begin XCBuildConfiguration section */
		FC538AE82605184100E36492 /* Debug */ = {
			isa = XCBuildConfiguration;
			buildSettings = {
				ALWAYS_SEARCH_USER_PATHS = NO;
				CLANG_ANALYZER_NONNULL = YES;
				CLANG_ANALYZER_NUMBER_OBJECT_CONVERSION = YES_AGGRESSIVE;
				CLANG_CXX_LANGUAGE_STANDARD = "gnu++14";
				CLANG_CXX_LIBRARY = "libc++";
				CLANG_ENABLE_MODULES = YES;
				CLANG_ENABLE_OBJC_ARC = YES;
				CLANG_ENABLE_OBJC_WEAK = YES;
				CLANG_WARN_BLOCK_CAPTURE_AUTORELEASING = YES;
				CLANG_WARN_BOOL_CONVERSION = YES;
				CLANG_WARN_COMMA = YES;
				CLANG_WARN_CONSTANT_CONVERSION = YES;
				CLANG_WARN_DEPRECATED_OBJC_IMPLEMENTATIONS = YES;
				CLANG_WARN_DIRECT_OBJC_ISA_USAGE = YES_ERROR;
				CLANG_WARN_DOCUMENTATION_COMMENTS = YES;
				CLANG_WARN_EMPTY_BODY = YES;
				CLANG_WARN_ENUM_CONVERSION = YES;
				CLANG_WARN_INFINITE_RECURSION = YES;
				CLANG_WARN_INT_CONVERSION = YES;
				CLANG_WARN_NON_LITERAL_NULL_CONVERSION = YES;
				CLANG_WARN_OBJC_IMPLICIT_RETAIN_SELF = YES;
				CLANG_WARN_OBJC_LITERAL_CONVERSION = YES;
				CLANG_WARN_OBJC_ROOT_CLASS = YES_ERROR;
				CLANG_WARN_QUOTED_INCLUDE_IN_FRAMEWORK_HEADER = YES;
				CLANG_WARN_RANGE_LOOP_ANALYSIS = YES;
				CLANG_WARN_STRICT_PROTOTYPES = YES;
				CLANG_WARN_SUSPICIOUS_MOVE = YES;
				CLANG_WARN_UNGUARDED_AVAILABILITY = YES_AGGRESSIVE;
				CLANG_WARN_UNREACHABLE_CODE = YES;
				CLANG_WARN__DUPLICATE_METHOD_MATCH = YES;
				COPY_PHASE_STRIP = NO;
				DEBUG_INFORMATION_FORMAT = dwarf;
				ENABLE_STRICT_OBJC_MSGSEND = YES;
				ENABLE_TESTABILITY = YES;
				GCC_C_LANGUAGE_STANDARD = gnu11;
				GCC_DYNAMIC_NO_PIC = NO;
				GCC_NO_COMMON_BLOCKS = YES;
				GCC_OPTIMIZATION_LEVEL = 0;
				GCC_PREPROCESSOR_DEFINITIONS = (
					"DEBUG=1",
					"$(inherited)",
				);
				GCC_WARN_64_TO_32_BIT_CONVERSION = YES;
				GCC_WARN_ABOUT_RETURN_TYPE = YES_ERROR;
				GCC_WARN_UNDECLARED_SELECTOR = YES;
				GCC_WARN_UNINITIALIZED_AUTOS = YES_AGGRESSIVE;
				GCC_WARN_UNUSED_FUNCTION = YES;
				GCC_WARN_UNUSED_VARIABLE = YES;
				IPHONEOS_DEPLOYMENT_TARGET = 14.3;
				MTL_ENABLE_DEBUG_INFO = INCLUDE_SOURCE;
				MTL_FAST_MATH = YES;
				ONLY_ACTIVE_ARCH = YES;
				SDKROOT = iphoneos;
				SWIFT_ACTIVE_COMPILATION_CONDITIONS = DEBUG;
				SWIFT_OPTIMIZATION_LEVEL = "-Onone";
			};
			name = Debug;
		};
		FC538AE92605184100E36492 /* Release */ = {
			isa = XCBuildConfiguration;
			buildSettings = {
				ALWAYS_SEARCH_USER_PATHS = NO;
				CLANG_ANALYZER_NONNULL = YES;
				CLANG_ANALYZER_NUMBER_OBJECT_CONVERSION = YES_AGGRESSIVE;
				CLANG_CXX_LANGUAGE_STANDARD = "gnu++14";
				CLANG_CXX_LIBRARY = "libc++";
				CLANG_ENABLE_MODULES = YES;
				CLANG_ENABLE_OBJC_ARC = YES;
				CLANG_ENABLE_OBJC_WEAK = YES;
				CLANG_WARN_BLOCK_CAPTURE_AUTORELEASING = YES;
				CLANG_WARN_BOOL_CONVERSION = YES;
				CLANG_WARN_COMMA = YES;
				CLANG_WARN_CONSTANT_CONVERSION = YES;
				CLANG_WARN_DEPRECATED_OBJC_IMPLEMENTATIONS = YES;
				CLANG_WARN_DIRECT_OBJC_ISA_USAGE = YES_ERROR;
				CLANG_WARN_DOCUMENTATION_COMMENTS = YES;
				CLANG_WARN_EMPTY_BODY = YES;
				CLANG_WARN_ENUM_CONVERSION = YES;
				CLANG_WARN_INFINITE_RECURSION = YES;
				CLANG_WARN_INT_CONVERSION = YES;
				CLANG_WARN_NON_LITERAL_NULL_CONVERSION = YES;
				CLANG_WARN_OBJC_IMPLICIT_RETAIN_SELF = YES;
				CLANG_WARN_OBJC_LITERAL_CONVERSION = YES;
				CLANG_WARN_OBJC_ROOT_CLASS = YES_ERROR;
				CLANG_WARN_QUOTED_INCLUDE_IN_FRAMEWORK_HEADER = YES;
				CLANG_WARN_RANGE_LOOP_ANALYSIS = YES;
				CLANG_WARN_STRICT_PROTOTYPES = YES;
				CLANG_WARN_SUSPICIOUS_MOVE = YES;
				CLANG_WARN_UNGUARDED_AVAILABILITY = YES_AGGRESSIVE;
				CLANG_WARN_UNREACHABLE_CODE = YES;
				CLANG_WARN__DUPLICATE_METHOD_MATCH = YES;
				COPY_PHASE_STRIP = NO;
				DEBUG_INFORMATION_FORMAT = "dwarf-with-dsym";
				ENABLE_NS_ASSERTIONS = NO;
				ENABLE_STRICT_OBJC_MSGSEND = YES;
				GCC_C_LANGUAGE_STANDARD = gnu11;
				GCC_NO_COMMON_BLOCKS = YES;
				GCC_WARN_64_TO_32_BIT_CONVERSION = YES;
				GCC_WARN_ABOUT_RETURN_TYPE = YES_ERROR;
				GCC_WARN_UNDECLARED_SELECTOR = YES;
				GCC_WARN_UNINITIALIZED_AUTOS = YES_AGGRESSIVE;
				GCC_WARN_UNUSED_FUNCTION = YES;
				GCC_WARN_UNUSED_VARIABLE = YES;
				IPHONEOS_DEPLOYMENT_TARGET = 14.3;
				MTL_ENABLE_DEBUG_INFO = NO;
				MTL_FAST_MATH = YES;
				SDKROOT = iphoneos;
				SWIFT_COMPILATION_MODE = wholemodule;
				SWIFT_OPTIMIZATION_LEVEL = "-O";
				VALIDATE_PRODUCT = YES;
			};
			name = Release;
		};
		FC538AEB2605184100E36492 /* Debug */ = {
			isa = XCBuildConfiguration;
			buildSettings = {
				ASSETCATALOG_COMPILER_APPICON_NAME = AppIcon;
				ASSETCATALOG_COMPILER_GLOBAL_ACCENT_COLOR_NAME = AccentColor;
				CODE_SIGN_STYLE = Automatic;
				DEVELOPMENT_ASSET_PATHS = "\"swiftUIInstagram/Preview Content\"";
				ENABLE_PREVIEWS = YES;
				INFOPLIST_FILE = swiftUIInstagram/Info.plist;
				IPHONEOS_DEPLOYMENT_TARGET = 14.0;
				LD_RUNPATH_SEARCH_PATHS = (
					"$(inherited)",
					"@executable_path/Frameworks",
				);
				PRODUCT_BUNDLE_IDENTIFIER = com.levi.swiftUIInstagram;
				PRODUCT_NAME = "$(TARGET_NAME)";
				SWIFT_VERSION = 5.0;
				TARGETED_DEVICE_FAMILY = "1,2";
			};
			name = Debug;
		};
		FC538AEC2605184100E36492 /* Release */ = {
			isa = XCBuildConfiguration;
			buildSettings = {
				ASSETCATALOG_COMPILER_APPICON_NAME = AppIcon;
				ASSETCATALOG_COMPILER_GLOBAL_ACCENT_COLOR_NAME = AccentColor;
				CODE_SIGN_STYLE = Automatic;
				DEVELOPMENT_ASSET_PATHS = "\"swiftUIInstagram/Preview Content\"";
				ENABLE_PREVIEWS = YES;
				INFOPLIST_FILE = swiftUIInstagram/Info.plist;
				IPHONEOS_DEPLOYMENT_TARGET = 14.0;
				LD_RUNPATH_SEARCH_PATHS = (
					"$(inherited)",
					"@executable_path/Frameworks",
				);
				PRODUCT_BUNDLE_IDENTIFIER = com.levi.swiftUIInstagram;
				PRODUCT_NAME = "$(TARGET_NAME)";
				SWIFT_VERSION = 5.0;
				TARGETED_DEVICE_FAMILY = "1,2";
			};
			name = Release;
		};
/* End XCBuildConfiguration section */

/* Begin XCConfigurationList section */
		FC538AD62605183C00E36492 /* Build configuration list for PBXProject "swiftUIInstagram" */ = {
			isa = XCConfigurationList;
			buildConfigurations = (
				FC538AE82605184100E36492 /* Debug */,
				FC538AE92605184100E36492 /* Release */,
			);
			defaultConfigurationIsVisible = 0;
			defaultConfigurationName = Release;
		};
		FC538AEA2605184100E36492 /* Build configuration list for PBXNativeTarget "swiftUIInstagram" */ = {
			isa = XCConfigurationList;
			buildConfigurations = (
				FC538AEB2605184100E36492 /* Debug */,
				FC538AEC2605184100E36492 /* Release */,
			);
			defaultConfigurationIsVisible = 0;
			defaultConfigurationName = Release;
		};
/* End XCConfigurationList section */
	};
	rootObject = FC538AD32605183C00E36492 /* Project object */;
}
